// !$*UTF8*$!
{
	archiveVersion = 1;
	classes = {
	};
	objectVersion = 56;
	objects = {

/* Begin PBXBuildFile section */
		BC3F46282D0483A4004DC5C8 /* ReminderViewController.swift in Sources */ = {isa = PBXBuildFile; fileRef = BC3F46272D0483A4004DC5C8 /* ReminderViewController.swift */; };
		BC3F462B2D048EF3004DC5C8 /* ReminderViewController + Row.swift in Sources */ = {isa = PBXBuildFile; fileRef = BC3F462A2D048EF3004DC5C8 /* ReminderViewController + Row.swift */; };
		BC3F462D2D04BF02004DC5C8 /* ReminderViewController + Section.swift in Sources */ = {isa = PBXBuildFile; fileRef = BC3F462C2D04BF02004DC5C8 /* ReminderViewController + Section.swift */; };
		BC3F462F2D0606E9004DC5C8 /* ReminderViewController + CellConfiguration.swift in Sources */ = {isa = PBXBuildFile; fileRef = BC3F462E2D0606E9004DC5C8 /* ReminderViewController + CellConfiguration.swift */; };
		BC3F46322D060D10004DC5C8 /* UIView + PinnedSubview.swift in Sources */ = {isa = PBXBuildFile; fileRef = BC3F46312D060D10004DC5C8 /* UIView + PinnedSubview.swift */; };
		BC3F46342D0613A7004DC5C8 /* TextFieldContentView .swift in Sources */ = {isa = PBXBuildFile; fileRef = BC3F46332D0613A7004DC5C8 /* TextFieldContentView .swift */; };
		BC3F46362D061535004DC5C8 /* UIContentConfiguration + State.swift in Sources */ = {isa = PBXBuildFile; fileRef = BC3F46352D061535004DC5C8 /* UIContentConfiguration + State.swift */; };
		BC3F46382D061B3E004DC5C8 /* TextViewContentView.swift in Sources */ = {isa = PBXBuildFile; fileRef = BC3F46372D061B3E004DC5C8 /* TextViewContentView.swift */; };
		BC3F463A2D061C7A004DC5C8 /* DatePickerContentView.swift in Sources */ = {isa = PBXBuildFile; fileRef = BC3F46392D061C7A004DC5C8 /* DatePickerContentView.swift */; };
		BC5346CE2D00CAEE0088C696 /* AppDelegate.swift in Sources */ = {isa = PBXBuildFile; fileRef = BC5346CD2D00CAEE0088C696 /* AppDelegate.swift */; };
		BC5346D02D00CAEE0088C696 /* SceneDelegate.swift in Sources */ = {isa = PBXBuildFile; fileRef = BC5346CF2D00CAEE0088C696 /* SceneDelegate.swift */; };
		BC5346D22D00CAEE0088C696 /* ReminderListViewController.swift in Sources */ = {isa = PBXBuildFile; fileRef = BC5346D12D00CAEE0088C696 /* ReminderListViewController.swift */; };
		BC5346D52D00CAEE0088C696 /* Base in Resources */ = {isa = PBXBuildFile; fileRef = BC5346D42D00CAEE0088C696 /* Base */; };
		BC5346D72D00CAEF0088C696 /* Assets.xcassets in Resources */ = {isa = PBXBuildFile; fileRef = BC5346D62D00CAEF0088C696 /* Assets.xcassets */; };
		BC5346DA2D00CAEF0088C696 /* Base in Resources */ = {isa = PBXBuildFile; fileRef = BC5346D92D00CAEF0088C696 /* Base */; };
		BC5346E32D00CC2B0088C696 /* Reminder.swift in Sources */ = {isa = PBXBuildFile; fileRef = BC5346E22D00CC2B0088C696 /* Reminder.swift */; };
		BC64DA732D01E94F0067B8EB /* UIColor+Today.swift in Sources */ = {isa = PBXBuildFile; fileRef = BC64DA722D01E94F0067B8EB /* UIColor+Today.swift */; };
		BC64DA752D01EA880067B8EB /* Date + Today.swift in Sources */ = {isa = PBXBuildFile; fileRef = BC64DA742D01EA880067B8EB /* Date + Today.swift */; };
		BC64DA782D01F2990067B8EB /* ReminderListViewController + DataSource.swift in Sources */ = {isa = PBXBuildFile; fileRef = BC64DA772D01F2990067B8EB /* ReminderListViewController + DataSource.swift */; };
		BC64DA7A2D03699C0067B8EB /* ReminderDoneButton .swift in Sources */ = {isa = PBXBuildFile; fileRef = BC64DA792D03699C0067B8EB /* ReminderDoneButton .swift */; };
		BC64DA7C2D036A7A0067B8EB /* ReminderListViewController + Actions.swift in Sources */ = {isa = PBXBuildFile; fileRef = BC64DA7B2D036A7A0067B8EB /* ReminderListViewController + Actions.swift */; };
		BCA184572D09DB800087AE8E /* ReminderListStyle.swift in Sources */ = {isa = PBXBuildFile; fileRef = BCA184562D09DB800087AE8E /* ReminderListStyle.swift */; };
		BCA184592D0A096F0087AE8E /* ProgressHeaderView.swift in Sources */ = {isa = PBXBuildFile; fileRef = BCA184582D0A096F0087AE8E /* ProgressHeaderView.swift */; };
		BCA1845B2D0B30AB0087AE8E /* CAGradientLayer + ListStyle.swift in Sources */ = {isa = PBXBuildFile; fileRef = BCA1845A2D0B30AB0087AE8E /* CAGradientLayer + ListStyle.swift */; };
		BCA1845D2D0B49320087AE8E /* TodayError.swift in Sources */ = {isa = PBXBuildFile; fileRef = BCA1845C2D0B49320087AE8E /* TodayError.swift */; };
		BCA1845F2D0B4A2E0087AE8E /* EKEventStore+ AsyncFetch.swift in Sources */ = {isa = PBXBuildFile; fileRef = BCA1845E2D0B4A2E0087AE8E /* EKEventStore+ AsyncFetch.swift */; };
		BCA184612D0B50E80087AE8E /* Reminder + EKReminder.swift in Sources */ = {isa = PBXBuildFile; fileRef = BCA184602D0B50E80087AE8E /* Reminder + EKReminder.swift */; };
		BCA184632D0B51C90087AE8E /* ReminderStore.swift in Sources */ = {isa = PBXBuildFile; fileRef = BCA184622D0B51C90087AE8E /* ReminderStore.swift */; };
		BCA184652D0C8D2F0087AE8E /* EKReminder+ Reminder.swift in Sources */ = {isa = PBXBuildFile; fileRef = BCA184642D0C8D2F0087AE8E /* EKReminder+ Reminder.swift */; };
/* End PBXBuildFile section */

/* Begin PBXFileReference section */
		BC3F46272D0483A4004DC5C8 /* ReminderViewController.swift */ = {isa = PBXFileReference; lastKnownFileType = sourcecode.swift; path = ReminderViewController.swift; sourceTree = "<group>"; };
		BC3F462A2D048EF3004DC5C8 /* ReminderViewController + Row.swift */ = {isa = PBXFileReference; lastKnownFileType = sourcecode.swift; path = "ReminderViewController + Row.swift"; sourceTree = "<group>"; };
		BC3F462C2D04BF02004DC5C8 /* ReminderViewController + Section.swift */ = {isa = PBXFileReference; lastKnownFileType = sourcecode.swift; path = "ReminderViewController + Section.swift"; sourceTree = "<group>"; };
		BC3F462E2D0606E9004DC5C8 /* ReminderViewController + CellConfiguration.swift */ = {isa = PBXFileReference; lastKnownFileType = sourcecode.swift; path = "ReminderViewController + CellConfiguration.swift"; sourceTree = "<group>"; };
		BC3F46312D060D10004DC5C8 /* UIView + PinnedSubview.swift */ = {isa = PBXFileReference; lastKnownFileType = sourcecode.swift; path = "UIView + PinnedSubview.swift"; sourceTree = "<group>"; };
		BC3F46332D0613A7004DC5C8 /* TextFieldContentView .swift */ = {isa = PBXFileReference; lastKnownFileType = sourcecode.swift; path = "TextFieldContentView .swift"; sourceTree = "<group>"; };
		BC3F46352D061535004DC5C8 /* UIContentConfiguration + State.swift */ = {isa = PBXFileReference; lastKnownFileType = sourcecode.swift; path = "UIContentConfiguration + State.swift"; sourceTree = "<group>"; };
		BC3F46372D061B3E004DC5C8 /* TextViewContentView.swift */ = {isa = PBXFileReference; lastKnownFileType = sourcecode.swift; path = TextViewContentView.swift; sourceTree = "<group>"; };
		BC3F46392D061C7A004DC5C8 /* DatePickerContentView.swift */ = {isa = PBXFileReference; lastKnownFileType = sourcecode.swift; path = DatePickerContentView.swift; sourceTree = "<group>"; };
		BC5346CA2D00CAEE0088C696 /* Today.app */ = {isa = PBXFileReference; explicitFileType = wrapper.application; includeInIndex = 0; path = Today.app; sourceTree = BUILT_PRODUCTS_DIR; };
		BC5346CD2D00CAEE0088C696 /* AppDelegate.swift */ = {isa = PBXFileReference; lastKnownFileType = sourcecode.swift; path = AppDelegate.swift; sourceTree = "<group>"; };
		BC5346CF2D00CAEE0088C696 /* SceneDelegate.swift */ = {isa = PBXFileReference; lastKnownFileType = sourcecode.swift; path = SceneDelegate.swift; sourceTree = "<group>"; };
		BC5346D12D00CAEE0088C696 /* ReminderListViewController.swift */ = {isa = PBXFileReference; lastKnownFileType = sourcecode.swift; path = ReminderListViewController.swift; sourceTree = "<group>"; };
		BC5346D42D00CAEE0088C696 /* Base */ = {isa = PBXFileReference; lastKnownFileType = file.storyboard; name = Base; path = Base.lproj/Main.storyboard; sourceTree = "<group>"; };
		BC5346D62D00CAEF0088C696 /* Assets.xcassets */ = {isa = PBXFileReference; lastKnownFileType = folder.assetcatalog; path = Assets.xcassets; sourceTree = "<group>"; };
		BC5346D92D00CAEF0088C696 /* Base */ = {isa = PBXFileReference; lastKnownFileType = file.storyboard; name = Base; path = Base.lproj/LaunchScreen.storyboard; sourceTree = "<group>"; };
		BC5346DB2D00CAEF0088C696 /* Info.plist */ = {isa = PBXFileReference; lastKnownFileType = text.plist.xml; path = Info.plist; sourceTree = "<group>"; };
		BC5346E22D00CC2B0088C696 /* Reminder.swift */ = {isa = PBXFileReference; lastKnownFileType = sourcecode.swift; path = Reminder.swift; sourceTree = "<group>"; };
		BC64DA722D01E94F0067B8EB /* UIColor+Today.swift */ = {isa = PBXFileReference; fileEncoding = 4; lastKnownFileType = sourcecode.swift; path = "UIColor+Today.swift"; sourceTree = "<group>"; };
		BC64DA742D01EA880067B8EB /* Date + Today.swift */ = {isa = PBXFileReference; lastKnownFileType = sourcecode.swift; path = "Date + Today.swift"; sourceTree = "<group>"; };
		BC64DA772D01F2990067B8EB /* ReminderListViewController + DataSource.swift */ = {isa = PBXFileReference; lastKnownFileType = sourcecode.swift; path = "ReminderListViewController + DataSource.swift"; sourceTree = "<group>"; };
		BC64DA792D03699C0067B8EB /* ReminderDoneButton .swift */ = {isa = PBXFileReference; lastKnownFileType = sourcecode.swift; path = "ReminderDoneButton .swift"; sourceTree = "<group>"; };
		BC64DA7B2D036A7A0067B8EB /* ReminderListViewController + Actions.swift */ = {isa = PBXFileReference; lastKnownFileType = sourcecode.swift; path = "ReminderListViewController + Actions.swift"; sourceTree = "<group>"; };
		BCA184562D09DB800087AE8E /* ReminderListStyle.swift */ = {isa = PBXFileReference; lastKnownFileType = sourcecode.swift; path = ReminderListStyle.swift; sourceTree = "<group>"; };
		BCA184582D0A096F0087AE8E /* ProgressHeaderView.swift */ = {isa = PBXFileReference; lastKnownFileType = sourcecode.swift; path = ProgressHeaderView.swift; sourceTree = "<group>"; };
		BCA1845A2D0B30AB0087AE8E /* CAGradientLayer + ListStyle.swift */ = {isa = PBXFileReference; lastKnownFileType = sourcecode.swift; path = "CAGradientLayer + ListStyle.swift"; sourceTree = "<group>"; };
		BCA1845C2D0B49320087AE8E /* TodayError.swift */ = {isa = PBXFileReference; lastKnownFileType = sourcecode.swift; path = TodayError.swift; sourceTree = "<group>"; };
		BCA1845E2D0B4A2E0087AE8E /* EKEventStore+ AsyncFetch.swift */ = {isa = PBXFileReference; lastKnownFileType = sourcecode.swift; path = "EKEventStore+ AsyncFetch.swift"; sourceTree = "<group>"; };
		BCA184602D0B50E80087AE8E /* Reminder + EKReminder.swift */ = {isa = PBXFileReference; lastKnownFileType = sourcecode.swift; path = "Reminder + EKReminder.swift"; sourceTree = "<group>"; };
		BCA184622D0B51C90087AE8E /* ReminderStore.swift */ = {isa = PBXFileReference; lastKnownFileType = sourcecode.swift; path = ReminderStore.swift; sourceTree = "<group>"; };
		BCA184642D0C8D2F0087AE8E /* EKReminder+ Reminder.swift */ = {isa = PBXFileReference; lastKnownFileType = sourcecode.swift; path = "EKReminder+ Reminder.swift"; sourceTree = "<group>"; };
/* End PBXFileReference section */

/* Begin PBXFrameworksBuildPhase section */
		BC5346C72D00CAEE0088C696 /* Frameworks */ = {
			isa = PBXFrameworksBuildPhase;
			buildActionMask = 2147483647;
			files = (
			);
			runOnlyForDeploymentPostprocessing = 0;
		};
/* End PBXFrameworksBuildPhase section */

/* Begin PBXGroup section */
		BC3F46292D048E93004DC5C8 /* DetailViewController */ = {
			isa = PBXGroup;
			children = (
				BC3F46272D0483A4004DC5C8 /* ReminderViewController.swift */,
				BC3F462C2D04BF02004DC5C8 /* ReminderViewController + Section.swift */,
				BC3F462A2D048EF3004DC5C8 /* ReminderViewController + Row.swift */,
				BC3F462E2D0606E9004DC5C8 /* ReminderViewController + CellConfiguration.swift */,
			);
			path = DetailViewController;
			sourceTree = "<group>";
		};
		BC3F46302D060CB0004DC5C8 /* ContentViews */ = {
			isa = PBXGroup;
			children = (
				BC3F46312D060D10004DC5C8 /* UIView + PinnedSubview.swift */,
				BC3F46332D0613A7004DC5C8 /* TextFieldContentView .swift */,
				BC3F46352D061535004DC5C8 /* UIContentConfiguration + State.swift */,
				BC3F46372D061B3E004DC5C8 /* TextViewContentView.swift */,
				BC3F46392D061C7A004DC5C8 /* DatePickerContentView.swift */,
			);
			path = ContentViews;
			sourceTree = "<group>";
		};
		BC5346C12D00CAED0088C696 = {
			isa = PBXGroup;
			children = (
				BC5346CC2D00CAEE0088C696 /* Today */,
				BC5346CB2D00CAEE0088C696 /* Products */,
			);
			sourceTree = "<group>";
		};
		BC5346CB2D00CAEE0088C696 /* Products */ = {
			isa = PBXGroup;
			children = (
				BC5346CA2D00CAEE0088C696 /* Today.app */,
			);
			name = Products;
			sourceTree = "<group>";
		};
		BC5346CC2D00CAEE0088C696 /* Today */ = {
			isa = PBXGroup;
			children = (
				BC5346CF2D00CAEE0088C696 /* SceneDelegate.swift */,
				BC5346CD2D00CAEE0088C696 /* AppDelegate.swift */,
				BC5346E12D00CC0B0088C696 /* Models */,
				BC3F46302D060CB0004DC5C8 /* ContentViews */,
				BC3F46292D048E93004DC5C8 /* DetailViewController */,
				BC64DA762D01F2470067B8EB /* ListViewController */,
				BC5346D32D00CAEE0088C696 /* Main.storyboard */,
				BC5346D62D00CAEF0088C696 /* Assets.xcassets */,
				BC5346D82D00CAEF0088C696 /* LaunchScreen.storyboard */,
				BC5346DB2D00CAEF0088C696 /* Info.plist */,
			);
			path = Today;
			sourceTree = "<group>";
		};
		BC5346E12D00CC0B0088C696 /* Models */ = {
			isa = PBXGroup;
			children = (
				BC5346E22D00CC2B0088C696 /* Reminder.swift */,
				BC64DA722D01E94F0067B8EB /* UIColor+Today.swift */,
				BC64DA742D01EA880067B8EB /* Date + Today.swift */,
				BCA184562D09DB800087AE8E /* ReminderListStyle.swift */,
				BCA1845A2D0B30AB0087AE8E /* CAGradientLayer + ListStyle.swift */,
				BCA1845C2D0B49320087AE8E /* TodayError.swift */,
				BCA1845E2D0B4A2E0087AE8E /* EKEventStore+ AsyncFetch.swift */,
				BCA184602D0B50E80087AE8E /* Reminder + EKReminder.swift */,
				BCA184622D0B51C90087AE8E /* ReminderStore.swift */,
				BCA184642D0C8D2F0087AE8E /* EKReminder+ Reminder.swift */,
			);
			path = Models;
			sourceTree = "<group>";
		};
		BC64DA762D01F2470067B8EB /* ListViewController */ = {
			isa = PBXGroup;
			children = (
				BC5346D12D00CAEE0088C696 /* ReminderListViewController.swift */,
				BC64DA772D01F2990067B8EB /* ReminderListViewController + DataSource.swift */,
				BC64DA7B2D036A7A0067B8EB /* ReminderListViewController + Actions.swift */,
				BC64DA792D03699C0067B8EB /* ReminderDoneButton .swift */,
				BCA184582D0A096F0087AE8E /* ProgressHeaderView.swift */,
			);
			path = ListViewController;
			sourceTree = "<group>";
		};
/* End PBXGroup section */

/* Begin PBXNativeTarget section */
		BC5346C92D00CAEE0088C696 /* Today */ = {
			isa = PBXNativeTarget;
			buildConfigurationList = BC5346DE2D00CAEF0088C696 /* Build configuration list for PBXNativeTarget "Today" */;
			buildPhases = (
				BC5346C62D00CAEE0088C696 /* Sources */,
				BC5346C72D00CAEE0088C696 /* Frameworks */,
				BC5346C82D00CAEE0088C696 /* Resources */,
			);
			buildRules = (
			);
			dependencies = (
			);
			name = Today;
			productName = Today;
			productReference = BC5346CA2D00CAEE0088C696 /* Today.app */;
			productType = "com.apple.product-type.application";
		};
/* End PBXNativeTarget section */

/* Begin PBXProject section */
		BC5346C22D00CAED0088C696 /* Project object */ = {
			isa = PBXProject;
			attributes = {
				BuildIndependentTargetsInParallel = 1;
				LastSwiftUpdateCheck = 1530;
				LastUpgradeCheck = 1530;
				TargetAttributes = {
					BC5346C92D00CAEE0088C696 = {
						CreatedOnToolsVersion = 15.3;
					};
				};
			};
			buildConfigurationList = BC5346C52D00CAED0088C696 /* Build configuration list for PBXProject "Today" */;
			compatibilityVersion = "Xcode 14.0";
			developmentRegion = en;
			hasScannedForEncodings = 0;
			knownRegions = (
				en,
				Base,
			);
			mainGroup = BC5346C12D00CAED0088C696;
			productRefGroup = BC5346CB2D00CAEE0088C696 /* Products */;
			projectDirPath = "";
			projectRoot = "";
			targets = (
				BC5346C92D00CAEE0088C696 /* Today */,
			);
		};
/* End PBXProject section */

/* Begin PBXResourcesBuildPhase section */
		BC5346C82D00CAEE0088C696 /* Resources */ = {
			isa = PBXResourcesBuildPhase;
			buildActionMask = 2147483647;
			files = (
				BC5346D72D00CAEF0088C696 /* Assets.xcassets in Resources */,
				BC5346DA2D00CAEF0088C696 /* Base in Resources */,
				BC5346D52D00CAEE0088C696 /* Base in Resources */,
			);
			runOnlyForDeploymentPostprocessing = 0;
		};
/* End PBXResourcesBuildPhase section */

/* Begin PBXSourcesBuildPhase section */
		BC5346C62D00CAEE0088C696 /* Sources */ = {
			isa = PBXSourcesBuildPhase;
			buildActionMask = 2147483647;
			files = (
				BCA184592D0A096F0087AE8E /* ProgressHeaderView.swift in Sources */,
				BC3F46322D060D10004DC5C8 /* UIView + PinnedSubview.swift in Sources */,
				BC64DA782D01F2990067B8EB /* ReminderListViewController + DataSource.swift in Sources */,
				BC3F463A2D061C7A004DC5C8 /* DatePickerContentView.swift in Sources */,
				BC5346D22D00CAEE0088C696 /* ReminderListViewController.swift in Sources */,
				BC3F462D2D04BF02004DC5C8 /* ReminderViewController + Section.swift in Sources */,
				BCA1845D2D0B49320087AE8E /* TodayError.swift in Sources */,
				BC3F46282D0483A4004DC5C8 /* ReminderViewController.swift in Sources */,
				BC5346CE2D00CAEE0088C696 /* AppDelegate.swift in Sources */,
				BC64DA732D01E94F0067B8EB /* UIColor+Today.swift in Sources */,
				BCA184652D0C8D2F0087AE8E /* EKReminder+ Reminder.swift in Sources */,
				BCA1845B2D0B30AB0087AE8E /* CAGradientLayer + ListStyle.swift in Sources */,
				BC64DA7C2D036A7A0067B8EB /* ReminderListViewController + Actions.swift in Sources */,
				BC64DA7A2D03699C0067B8EB /* ReminderDoneButton .swift in Sources */,
				BCA1845F2D0B4A2E0087AE8E /* EKEventStore+ AsyncFetch.swift in Sources */,
				BC3F46382D061B3E004DC5C8 /* TextViewContentView.swift in Sources */,
				BC3F462F2D0606E9004DC5C8 /* ReminderViewController + CellConfiguration.swift in Sources */,
				BC5346D02D00CAEE0088C696 /* SceneDelegate.swift in Sources */,
				BC5346E32D00CC2B0088C696 /* Reminder.swift in Sources */,
				BC3F46362D061535004DC5C8 /* UIContentConfiguration + State.swift in Sources */,
				BC3F462B2D048EF3004DC5C8 /* ReminderViewController + Row.swift in Sources */,
				BCA184572D09DB800087AE8E /* ReminderListStyle.swift in Sources */,
				BCA184612D0B50E80087AE8E /* Reminder + EKReminder.swift in Sources */,
				BC64DA752D01EA880067B8EB /* Date + Today.swift in Sources */,
				BC3F46342D0613A7004DC5C8 /* TextFieldContentView .swift in Sources */,
				BCA184632D0B51C90087AE8E /* ReminderStore.swift in Sources */,
			);
			runOnlyForDeploymentPostprocessing = 0;
		};
/* End PBXSourcesBuildPhase section */

/* Begin PBXVariantGroup section */
		BC5346D32D00CAEE0088C696 /* Main.storyboard */ = {
			isa = PBXVariantGroup;
			children = (
				BC5346D42D00CAEE0088C696 /* Base */,
			);
			name = Main.storyboard;
			sourceTree = "<group>";
		};
		BC5346D82D00CAEF0088C696 /* LaunchScreen.storyboard */ = {
			isa = PBXVariantGroup;
			children = (
				BC5346D92D00CAEF0088C696 /* Base */,
			);
			name = LaunchScreen.storyboard;
			sourceTree = "<group>";
		};
/* End PBXVariantGroup section */

/* Begin XCBuildConfiguration section */
		BC5346DC2D00CAEF0088C696 /* Debug */ = {
			isa = XCBuildConfiguration;
			buildSettings = {
				ALWAYS_SEARCH_USER_PATHS = NO;
				ASSETCATALOG_COMPILER_GENERATE_SWIFT_ASSET_SYMBOL_EXTENSIONS = YES;
				CLANG_ANALYZER_NONNULL = YES;
				CLANG_ANALYZER_NUMBER_OBJECT_CONVERSION = YES_AGGRESSIVE;
				CLANG_CXX_LANGUAGE_STANDARD = "gnu++20";
				CLANG_ENABLE_MODULES = YES;
				CLANG_ENABLE_OBJC_ARC = YES;
				CLANG_ENABLE_OBJC_WEAK = YES;
				CLANG_WARN_BLOCK_CAPTURE_AUTORELEASING = YES;
				CLANG_WARN_BOOL_CONVERSION = YES;
				CLANG_WARN_COMMA = YES;
				CLANG_WARN_CONSTANT_CONVERSION = YES;
				CLANG_WARN_DEPRECATED_OBJC_IMPLEMENTATIONS = YES;
				CLANG_WARN_DIRECT_OBJC_ISA_USAGE = YES_ERROR;
				CLANG_WARN_DOCUMENTATION_COMMENTS = YES;
				CLANG_WARN_EMPTY_BODY = YES;
				CLANG_WARN_ENUM_CONVERSION = YES;
				CLANG_WARN_INFINITE_RECURSION = YES;
				CLANG_WARN_INT_CONVERSION = YES;
				CLANG_WARN_NON_LITERAL_NULL_CONVERSION = YES;
				CLANG_WARN_OBJC_IMPLICIT_RETAIN_SELF = YES;
				CLANG_WARN_OBJC_LITERAL_CONVERSION = YES;
				CLANG_WARN_OBJC_ROOT_CLASS = YES_ERROR;
				CLANG_WARN_QUOTED_INCLUDE_IN_FRAMEWORK_HEADER = YES;
				CLANG_WARN_RANGE_LOOP_ANALYSIS = YES;
				CLANG_WARN_STRICT_PROTOTYPES = YES;
				CLANG_WARN_SUSPICIOUS_MOVE = YES;
				CLANG_WARN_UNGUARDED_AVAILABILITY = YES_AGGRESSIVE;
				CLANG_WARN_UNREACHABLE_CODE = YES;
				CLANG_WARN__DUPLICATE_METHOD_MATCH = YES;
				COPY_PHASE_STRIP = NO;
				DEBUG_INFORMATION_FORMAT = dwarf;
				ENABLE_STRICT_OBJC_MSGSEND = YES;
				ENABLE_TESTABILITY = YES;
				ENABLE_USER_SCRIPT_SANDBOXING = YES;
				GCC_C_LANGUAGE_STANDARD = gnu17;
				GCC_DYNAMIC_NO_PIC = NO;
				GCC_NO_COMMON_BLOCKS = YES;
				GCC_OPTIMIZATION_LEVEL = 0;
				GCC_PREPROCESSOR_DEFINITIONS = (
					"DEBUG=1",
					"$(inherited)",
				);
				GCC_WARN_64_TO_32_BIT_CONVERSION = YES;
				GCC_WARN_ABOUT_RETURN_TYPE = YES_ERROR;
				GCC_WARN_UNDECLARED_SELECTOR = YES;
				GCC_WARN_UNINITIALIZED_AUTOS = YES_AGGRESSIVE;
				GCC_WARN_UNUSED_FUNCTION = YES;
				GCC_WARN_UNUSED_VARIABLE = YES;
				IPHONEOS_DEPLOYMENT_TARGET = 17.4;
				LOCALIZATION_PREFERS_STRING_CATALOGS = YES;
				MTL_ENABLE_DEBUG_INFO = INCLUDE_SOURCE;
				MTL_FAST_MATH = YES;
				ONLY_ACTIVE_ARCH = YES;
				SDKROOT = iphoneos;
				SWIFT_ACTIVE_COMPILATION_CONDITIONS = "DEBUG $(inherited)";
				SWIFT_OPTIMIZATION_LEVEL = "-Onone";
			};
			name = Debug;
		};
		BC5346DD2D00CAEF0088C696 /* Release */ = {
			isa = XCBuildConfiguration;
			buildSettings = {
				ALWAYS_SEARCH_USER_PATHS = NO;
				ASSETCATALOG_COMPILER_GENERATE_SWIFT_ASSET_SYMBOL_EXTENSIONS = YES;
				CLANG_ANALYZER_NONNULL = YES;
				CLANG_ANALYZER_NUMBER_OBJECT_CONVERSION = YES_AGGRESSIVE;
				CLANG_CXX_LANGUAGE_STANDARD = "gnu++20";
				CLANG_ENABLE_MODULES = YES;
				CLANG_ENABLE_OBJC_ARC = YES;
				CLANG_ENABLE_OBJC_WEAK = YES;
				CLANG_WARN_BLOCK_CAPTURE_AUTORELEASING = YES;
				CLANG_WARN_BOOL_CONVERSION = YES;
				CLANG_WARN_COMMA = YES;
				CLANG_WARN_CONSTANT_CONVERSION = YES;
				CLANG_WARN_DEPRECATED_OBJC_IMPLEMENTATIONS = YES;
				CLANG_WARN_DIRECT_OBJC_ISA_USAGE = YES_ERROR;
				CLANG_WARN_DOCUMENTATION_COMMENTS = YES;
				CLANG_WARN_EMPTY_BODY = YES;
				CLANG_WARN_ENUM_CONVERSION = YES;
				CLANG_WARN_INFINITE_RECURSION = YES;
				CLANG_WARN_INT_CONVERSION = YES;
				CLANG_WARN_NON_LITERAL_NULL_CONVERSION = YES;
				CLANG_WARN_OBJC_IMPLICIT_RETAIN_SELF = YES;
				CLANG_WARN_OBJC_LITERAL_CONVERSION = YES;
				CLANG_WARN_OBJC_ROOT_CLASS = YES_ERROR;
				CLANG_WARN_QUOTED_INCLUDE_IN_FRAMEWORK_HEADER = YES;
				CLANG_WARN_RANGE_LOOP_ANALYSIS = YES;
				CLANG_WARN_STRICT_PROTOTYPES = YES;
				CLANG_WARN_SUSPICIOUS_MOVE = YES;
				CLANG_WARN_UNGUARDED_AVAILABILITY = YES_AGGRESSIVE;
				CLANG_WARN_UNREACHABLE_CODE = YES;
				CLANG_WARN__DUPLICATE_METHOD_MATCH = YES;
				COPY_PHASE_STRIP = NO;
				DEBUG_INFORMATION_FORMAT = "dwarf-with-dsym";
				ENABLE_NS_ASSERTIONS = NO;
				ENABLE_STRICT_OBJC_MSGSEND = YES;
				ENABLE_USER_SCRIPT_SANDBOXING = YES;
				GCC_C_LANGUAGE_STANDARD = gnu17;
				GCC_NO_COMMON_BLOCKS = YES;
				GCC_WARN_64_TO_32_BIT_CONVERSION = YES;
				GCC_WARN_ABOUT_RETURN_TYPE = YES_ERROR;
				GCC_WARN_UNDECLARED_SELECTOR = YES;
				GCC_WARN_UNINITIALIZED_AUTOS = YES_AGGRESSIVE;
				GCC_WARN_UNUSED_FUNCTION = YES;
				GCC_WARN_UNUSED_VARIABLE = YES;
				IPHONEOS_DEPLOYMENT_TARGET = 17.4;
				LOCALIZATION_PREFERS_STRING_CATALOGS = YES;
				MTL_ENABLE_DEBUG_INFO = NO;
				MTL_FAST_MATH = YES;
				SDKROOT = iphoneos;
				SWIFT_COMPILATION_MODE = wholemodule;
				VALIDATE_PRODUCT = YES;
			};
			name = Release;
		};
		BC5346DF2D00CAEF0088C696 /* Debug */ = {
			isa = XCBuildConfiguration;
			buildSettings = {
				ASSETCATALOG_COMPILER_APPICON_NAME = AppIcon;
				ASSETCATALOG_COMPILER_GLOBAL_ACCENT_COLOR_NAME = AccentColor;
				CODE_SIGN_STYLE = Automatic;
				CURRENT_PROJECT_VERSION = 1;
				DEVELOPMENT_TEAM = 53DD3SSSYZ;
				GENERATE_INFOPLIST_FILE = YES;
				INFOPLIST_FILE = Today/Info.plist;
				INFOPLIST_KEY_NSRemindersUsageDescription = "Your reminders can help you stay on track";
				INFOPLIST_KEY_UIApplicationSupportsIndirectInputEvents = YES;
				INFOPLIST_KEY_UILaunchStoryboardName = LaunchScreen;
				INFOPLIST_KEY_UIMainStoryboardFile = Main;
				INFOPLIST_KEY_UISupportedInterfaceOrientations_iPad = "UIInterfaceOrientationPortrait UIInterfaceOrientationPortraitUpsideDown UIInterfaceOrientationLandscapeLeft UIInterfaceOrientationLandscapeRight";
				INFOPLIST_KEY_UISupportedInterfaceOrientations_iPhone = "UIInterfaceOrientationPortrait UIInterfaceOrientationLandscapeLeft UIInterfaceOrientationLandscapeRight";
				LD_RUNPATH_SEARCH_PATHS = (
					"$(inherited)",
					"@executable_path/Frameworks",
				);
				MARKETING_VERSION = 1.0;
				PRODUCT_BUNDLE_IDENTIFIER = aallymbekova.Today;
				PRODUCT_NAME = "$(TARGET_NAME)";
				SWIFT_EMIT_LOC_STRINGS = YES;
				SWIFT_VERSION = 5.0;
				TARGETED_DEVICE_FAMILY = "1,2";
			};
			name = Debug;
		};
		BC5346E02D00CAEF0088C696 /* Release */ = {
			isa = XCBuildConfiguration;
			buildSettings = {
				ASSETCATALOG_COMPILER_APPICON_NAME = AppIcon;
				ASSETCATALOG_COMPILER_GLOBAL_ACCENT_COLOR_NAME = AccentColor;
				CODE_SIGN_STYLE = Automatic;
				CURRENT_PROJECT_VERSION = 1;
				DEVELOPMENT_TEAM = 53DD3SSSYZ;
				GENERATE_INFOPLIST_FILE = YES;
				INFOPLIST_FILE = Today/Info.plist;
				INFOPLIST_KEY_NSRemindersUsageDescription = "Your reminders can help you stay on track";
				INFOPLIST_KEY_UIApplicationSupportsIndirectInputEvents = YES;
				INFOPLIST_KEY_UILaunchStoryboardName = LaunchScreen;
				INFOPLIST_KEY_UIMainStoryboardFile = Main;
				INFOPLIST_KEY_UISupportedInterfaceOrientations_iPad = "UIInterfaceOrientationPortrait UIInterfaceOrientationPortraitUpsideDown UIInterfaceOrientationLandscapeLeft UIInterfaceOrientationLandscapeRight";
				INFOPLIST_KEY_UISupportedInterfaceOrientations_iPhone = "UIInterfaceOrientationPortrait UIInterfaceOrientationLandscapeLeft UIInterfaceOrientationLandscapeRight";
				LD_RUNPATH_SEARCH_PATHS = (
					"$(inherited)",
					"@executable_path/Frameworks",
				);
				MARKETING_VERSION = 1.0;
				PRODUCT_BUNDLE_IDENTIFIER = aallymbekova.Today;
				PRODUCT_NAME = "$(TARGET_NAME)";
				SWIFT_EMIT_LOC_STRINGS = YES;
				SWIFT_VERSION = 5.0;
				TARGETED_DEVICE_FAMILY = "1,2";
			};
			name = Release;
		};
/* End XCBuildConfiguration section */

/* Begin XCConfigurationList section */
		BC5346C52D00CAED0088C696 /* Build configuration list for PBXProject "Today" */ = {
			isa = XCConfigurationList;
			buildConfigurations = (
				BC5346DC2D00CAEF0088C696 /* Debug */,
				BC5346DD2D00CAEF0088C696 /* Release */,
			);
			defaultConfigurationIsVisible = 0;
			defaultConfigurationName = Release;
		};
		BC5346DE2D00CAEF0088C696 /* Build configuration list for PBXNativeTarget "Today" */ = {
			isa = XCConfigurationList;
			buildConfigurations = (
				BC5346DF2D00CAEF0088C696 /* Debug */,
				BC5346E02D00CAEF0088C696 /* Release */,
			);
			defaultConfigurationIsVisible = 0;
			defaultConfigurationName = Release;
		};
/* End XCConfigurationList section */
	};
	rootObject = BC5346C22D00CAED0088C696 /* Project object */;
}
